// !$*UTF8*$!
{
	archiveVersion = 1;
	classes = {
	};
	objectVersion = 77;
	objects = {

/* Begin PBXBuildFile section */
		8568CB172E768AC1003A3E08 /* Nuke in Frameworks */ = {isa = PBXBuildFile; productRef = 8568CB162E768AC1003A3E08 /* Nuke */; };
		8568CB192E768AC1003A3E08 /* NukeExtensions in Frameworks */ = {isa = PBXBuildFile; productRef = 8568CB182E768AC1003A3E08 /* NukeExtensions */; };
		8568CB1B2E768AC1003A3E08 /* NukeUI in Frameworks */ = {isa = PBXBuildFile; productRef = 8568CB1A2E768AC1003A3E08 /* NukeUI */; };
		8568CB1D2E768AC1003A3E08 /* NukeVideo in Frameworks */ = {isa = PBXBuildFile; productRef = 8568CB1C2E768AC1003A3E08 /* NukeVideo */; };
		8568D3262E769115003A3E08 /* OpenSSL in Frameworks */ = {isa = PBXBuildFile; productRef = 8568D3252E769115003A3E08 /* OpenSSL */; };
		859304CE2E76A99D00D0052E /* ZsignSwift in Frameworks */ = {isa = PBXBuildFile; productRef = 859304CD2E76A99D00D0052E /* ZsignSwift */; };
		859304D02E76A99D00D0052E /* zsign in Frameworks */ = {isa = PBXBuildFile; productRef = 859304CF2E76A99D00D0052E /* zsign */; };
		85A1B2C52E6F123400D4E5F6 /* ZipArchive in Frameworks */ = {isa = PBXBuildFile; productRef = 85A1B2C42E6F123400D4E5F6 /* ZipArchive */; };
		85EC5BF22E768811006D9773 /* Vapor in Frameworks */ = {isa = PBXBuildFile; productRef = 85EC5BF12E768811006D9773 /* Vapor */; };
		85EC5BF92E76882C006D9773 /* SWCompression in Frameworks */ = {isa = PBXBuildFile; productRef = 85EC5BF82E76882C006D9773 /* SWCompression */; };
		85EC5D262E76890C006D9773 /* ArArchiveKit in Frameworks */ = {isa = PBXBuildFile; productRef = 85EC5D252E76890C006D9773 /* ArArchiveKit */; };
		85EC5D292E76891C006D9773 /* AltSourceKit in Frameworks */ = {isa = PBXBuildFile; productRef = 85EC5D282E76891C006D9773 /* AltSourceKit */; };
		85FCEE922E6B374E0069A30A /* ZIPFoundation in Frameworks */ = {isa = PBXBuildFile; productRef = 85FCEE912E6B374E0069A30A /* ZIPFoundation */; };
/* End PBXBuildFile section */

/* Begin PBXCopyFilesBuildPhase section */
		85B1AA9B2F00000000D00002 /* Copy Files */ = {
			isa = PBXCopyFilesBuildPhase;
			buildActionMask = 2147483647;
			dstPath = "";
			dstSubfolderSpec = 10;
			files = (
			);
			name = "Copy Files";
			runOnlyForDeploymentPostprocessing = 0;
		};
		85B1AAC02F00000000D0000C /* Copy libiosexec to App Root */ = {
			isa = PBXCopyFilesBuildPhase;
			buildActionMask = 2147483647;
			dstPath = "";
			dstSubfolderSpec = 1;
			files = (
			);
			name = "Copy libiosexec to App Root";
			runOnlyForDeploymentPostprocessing = 0;
		};
/* End PBXCopyFilesBuildPhase section */

/* Begin PBXFileReference section */
		851FD95F2E578774002136BA /* APP.app */ = {isa = PBXFileReference; explicitFileType = wrapper.application; includeInIndex = 0; path = APP.app; sourceTree = BUILT_PRODUCTS_DIR; };
/* End PBXFileReference section */

/* Begin PBXFileSystemSynchronizedRootGroup section */
		851FD9612E578774002136BA /* APP */ = {
			isa = PBXFileSystemSynchronizedRootGroup;
			path = APP;
			sourceTree = "<group>";
		};
/* End PBXFileSystemSynchronizedRootGroup section */

/* Begin PBXFrameworksBuildPhase section */
		851FD95C2E578774002136BA /* Frameworks */ = {
			isa = PBXFrameworksBuildPhase;
			buildActionMask = 2147483647;
			files = (
				85EC5D292E76891C006D9773 /* AltSourceKit in Frameworks */,
				85EC5BF22E768811006D9773 /* Vapor in Frameworks */,
				859304CE2E76A99D00D0052E /* ZsignSwift in Frameworks */,
				859304D02E76A99D00D0052E /* zsign in Frameworks */,
				85EC5D262E76890C006D9773 /* ArArchiveKit in Frameworks */,
				85EC5BF92E76882C006D9773 /* SWCompression in Frameworks */,
				85FCEE922E6B374E0069A30A /* ZIPFoundation in Frameworks */,
				8568CB192E768AC1003A3E08 /* NukeExtensions in Frameworks */,
				8568CB172E768AC1003A3E08 /* Nuke in Frameworks */,
				8568D3262E769115003A3E08 /* OpenSSL in Frameworks */,
				8568CB1D2E768AC1003A3E08 /* NukeVideo in Frameworks */,
				8568CB1B2E768AC1003A3E08 /* NukeUI in Frameworks */,
				85A1B2C52E6F123400D4E5F6 /* ZipArchive in Frameworks */,
			);
			runOnlyForDeploymentPostprocessing = 0;
		};
/* End PBXFrameworksBuildPhase section */

/* Begin PBXGroup section */
		851FD9562E578774002136BA = {
			isa = PBXGroup;
			children = (
				851FD9612E578774002136BA /* APP */,
				851FD9602E578774002136BA /* Products */,
			);
			sourceTree = "<group>";
		};
		851FD9602E578774002136BA /* Products */ = {
			isa = PBXGroup;
			children = (
				851FD95F2E578774002136BA /* APP.app */,
			);
			name = Products;
			sourceTree = "<group>";
		};
/* End PBXGroup section */

/* Begin PBXNativeTarget section */
		851FD95E2E578774002136BA /* APP */ = {
			isa = PBXNativeTarget;
			buildConfigurationList = 851FD96A2E578775002136BA /* Build configuration list for PBXNativeTarget "APP" */;
			buildPhases = (
				851FD95B2E578774002136BA /* Sources */,
				851FD95C2E578774002136BA /* Frameworks */,
				851FD95D2E578774002136BA /* Resources */,
				85B1AA9B2F00000000D00002 /* Copy Files */,
				85B1AAC02F00000000D0000C /* Copy libiosexec to App Root */,
			);
			buildRules = (
			);
			dependencies = (
			);
			fileSystemSynchronizedGroups = (
				851FD9612E578774002136BA /* APP */,
			);
			name = APP;
			packageProductDependencies = (
				85FCEE912E6B374E0069A30A /* ZIPFoundation */,
				85A1B2C42E6F123400D4E5F6 /* ZipArchive */,
				85EC5BF12E768811006D9773 /* Vapor */,
				85EC5BF82E76882C006D9773 /* SWCompression */,
				85EC5D252E76890C006D9773 /* ArArchiveKit */,
				85EC5D282E76891C006D9773 /* AltSourceKit */,
				8568CB162E768AC1003A3E08 /* Nuke */,
				8568CB182E768AC1003A3E08 /* NukeExtensions */,
				8568CB1A2E768AC1003A3E08 /* NukeUI */,
				8568CB1C2E768AC1003A3E08 /* NukeVideo */,
				8568D3252E769115003A3E08 /* OpenSSL */,
				859304CD2E76A99D00D0052E /* ZsignSwift */,
				859304CF2E76A99D00D0052E /* zsign */,
			);
			productName = APP;
			productReference = 851FD95F2E578774002136BA /* APP.app */;
			productType = "com.apple.product-type.application";
		};
/* End PBXNativeTarget section */

/* Begin PBXProject section */
		851FD9572E578774002136BA /* Project object */ = {
			isa = PBXProject;
			attributes = {
				BuildIndependentTargetsInParallel = 1;
				LastSwiftUpdateCheck = 1640;
				LastUpgradeCheck = 2600;
				TargetAttributes = {
					851FD95E2E578774002136BA = {
						CreatedOnToolsVersion = 16.4;
						LastSwiftMigration = 1640;
					};
				};
			};
			buildConfigurationList = 851FD95A2E578774002136BA /* Build configuration list for PBXProject "APP" */;
			developmentRegion = "zh-Hans";
			hasScannedForEncodings = 0;
			knownRegions = (
				Base,
				"zh-Hans",
				en,
				es,
				it,
				en_AU,
				es_419,
				en_GB,
				de,
				fr_CA,
				el,
				ar,
				ca,
				fi,
				da,
				cs,
				fr,
				he,
				ja,
				uk,
				zh_CN,
				pt_BR,
				sk,
				pt_PT,
				ms,
				sv,
				ko,
				no,
				hu,
				zh_HK,
				tr,
				pl,
				zh_TW,
				vi,
				ru,
				id,
				nl,
				th,
				ro,
				hr,
				hi,
			);
			mainGroup = 851FD9562E578774002136BA;
			minimizedProjectReferenceProxies = 1;
			packageReferences = (
				85FCEE902E6B374E0069A30A /* XCRemoteSwiftPackageReference "ZIPFoundation" */,
				85A1B2C32E6F123400D4E5F6 /* XCRemoteSwiftPackageReference "ZipArchive" */,
				85EC5BF02E768811006D9773 /* XCRemoteSwiftPackageReference "vapor" */,
				85EC5BF72E76882C006D9773 /* XCRemoteSwiftPackageReference "SWCompression" */,
				85EC5D152E7688C1006D9773 /* XCRemoteSwiftPackageReference "Nuke" */,
				85EC5D242E76890C006D9773 /* XCRemoteSwiftPackageReference "ArArchiveKit" */,
				85EC5D272E76891C006D9773 /* XCRemoteSwiftPackageReference "AltSourceKit" */,
				8568D3242E769115003A3E08 /* XCRemoteSwiftPackageReference "OpenSSL" */,
				859304CC2E76A99D00D0052E /* XCRemoteSwiftPackageReference "Zsign" */,
			);
			preferredProjectObjectVersion = 77;
			productRefGroup = 851FD9602E578774002136BA /* Products */;
			projectDirPath = "";
			projectRoot = "";
			targets = (
				851FD95E2E578774002136BA /* APP */,
			);
		};
/* End PBXProject section */

/* Begin PBXResourcesBuildPhase section */
		851FD95D2E578774002136BA /* Resources */ = {
			isa = PBXResourcesBuildPhase;
			buildActionMask = 2147483647;
			files = (
			);
			runOnlyForDeploymentPostprocessing = 0;
		};
/* End PBXResourcesBuildPhase section */

/* Begin PBXSourcesBuildPhase section */
		851FD95B2E578774002136BA /* Sources */ = {
			isa = PBXSourcesBuildPhase;
			buildActionMask = 2147483647;
			files = (
			);
			runOnlyForDeploymentPostprocessing = 0;
		};
/* End PBXSourcesBuildPhase section */

/* Begin XCBuildConfiguration section */
		851FD9682E578775002136BA /* Debug */ = {
			isa = XCBuildConfiguration;
			buildSettings = {
				ALWAYS_SEARCH_USER_PATHS = NO;
				ASSETCATALOG_COMPILER_GENERATE_SWIFT_ASSET_SYMBOL_EXTENSIONS = YES;
				CLANG_ANALYZER_LOCALIZABILITY_NONLOCALIZED = YES;
				CLANG_ANALYZER_NONNULL = YES;
				CLANG_ANALYZER_NUMBER_OBJECT_CONVERSION = YES_AGGRESSIVE;
				CLANG_CXX_LANGUAGE_STANDARD = "gnu++20";
				CLANG_ENABLE_MODULES = YES;
				CLANG_ENABLE_OBJC_ARC = YES;
				CLANG_ENABLE_OBJC_WEAK = YES;
				CLANG_WARN_BLOCK_CAPTURE_AUTORELEASING = YES;
				CLANG_WARN_BOOL_CONVERSION = YES;
				CLANG_WARN_COMMA = YES;
				CLANG_WARN_CONSTANT_CONVERSION = YES;
				CLANG_WARN_DEPRECATED_OBJC_IMPLEMENTATIONS = YES;
				CLANG_WARN_DIRECT_OBJC_ISA_USAGE = YES_ERROR;
				CLANG_WARN_DOCUMENTATION_COMMENTS = YES;
				CLANG_WARN_EMPTY_BODY = YES;
				CLANG_WARN_ENUM_CONVERSION = YES;
				CLANG_WARN_INFINITE_RECURSION = YES;
				CLANG_WARN_INT_CONVERSION = YES;
				CLANG_WARN_NON_LITERAL_NULL_CONVERSION = YES;
				CLANG_WARN_OBJC_IMPLICIT_RETAIN_SELF = YES;
				CLANG_WARN_OBJC_LITERAL_CONVERSION = YES;
				CLANG_WARN_OBJC_ROOT_CLASS = YES_ERROR;
				CLANG_WARN_QUOTED_INCLUDE_IN_FRAMEWORK_HEADER = YES;
				CLANG_WARN_RANGE_LOOP_ANALYSIS = YES;
				CLANG_WARN_STRICT_PROTOTYPES = YES;
				CLANG_WARN_SUSPICIOUS_MOVE = YES;
				CLANG_WARN_UNGUARDED_AVAILABILITY = YES_AGGRESSIVE;
				CLANG_WARN_UNREACHABLE_CODE = YES;
				CLANG_WARN__DUPLICATE_METHOD_MATCH = YES;
				COPY_PHASE_STRIP = NO;
				DEBUG_INFORMATION_FORMAT = dwarf;
				DEVELOPMENT_TEAM = TWLNU7NXWY;
				ENABLE_STRICT_OBJC_MSGSEND = YES;
				ENABLE_TESTABILITY = YES;
				ENABLE_USER_SCRIPT_SANDBOXING = YES;
				GCC_C_LANGUAGE_STANDARD = gnu17;
				GCC_DYNAMIC_NO_PIC = NO;
				GCC_NO_COMMON_BLOCKS = YES;
				GCC_OPTIMIZATION_LEVEL = 0;
				GCC_PREPROCESSOR_DEFINITIONS = (
					"DEBUG=1",
					"IDEVICE=1",
					"$(inherited)",
				);
				GCC_WARN_64_TO_32_BIT_CONVERSION = YES;
				GCC_WARN_ABOUT_RETURN_TYPE = YES_ERROR;
				GCC_WARN_UNDECLARED_SELECTOR = YES;
				GCC_WARN_UNINITIALIZED_AUTOS = YES_AGGRESSIVE;
				GCC_WARN_UNUSED_FUNCTION = YES;
				GCC_WARN_UNUSED_VARIABLE = YES;
				IPHONEOS_DEPLOYMENT_TARGET = 16.0;
				LOCALIZATION_PREFERS_STRING_CATALOGS = YES;
				MTL_ENABLE_DEBUG_INFO = INCLUDE_SOURCE;
				MTL_FAST_MATH = YES;
				ONLY_ACTIVE_ARCH = YES;
				SDKROOT = iphoneos;
				STRING_CATALOG_GENERATE_SYMBOLS = YES;
				SWIFT_ACTIVE_COMPILATION_CONDITIONS = "DEBUG $(inherited)";
				SWIFT_OPTIMIZATION_LEVEL = "-Osize";
			};
			name = Debug;
		};
		851FD9692E578775002136BA /* Release */ = {
			isa = XCBuildConfiguration;
			buildSettings = {
				ALWAYS_SEARCH_USER_PATHS = NO;
				ASSETCATALOG_COMPILER_GENERATE_SWIFT_ASSET_SYMBOL_EXTENSIONS = YES;
				CLANG_ANALYZER_LOCALIZABILITY_NONLOCALIZED = YES;
				CLANG_ANALYZER_NONNULL = YES;
				CLANG_ANALYZER_NUMBER_OBJECT_CONVERSION = YES_AGGRESSIVE;
				CLANG_CXX_LANGUAGE_STANDARD = "gnu++20";
				CLANG_ENABLE_MODULES = YES;
				CLANG_ENABLE_OBJC_ARC = YES;
				CLANG_ENABLE_OBJC_WEAK = YES;
				CLANG_WARN_BLOCK_CAPTURE_AUTORELEASING = YES;
				CLANG_WARN_BOOL_CONVERSION = YES;
				CLANG_WARN_COMMA = YES;
				CLANG_WARN_CONSTANT_CONVERSION = YES;
				CLANG_WARN_DEPRECATED_OBJC_IMPLEMENTATIONS = YES;
				CLANG_WARN_DIRECT_OBJC_ISA_USAGE = YES_ERROR;
				CLANG_WARN_DOCUMENTATION_COMMENTS = YES;
				CLANG_WARN_EMPTY_BODY = YES;
				CLANG_WARN_ENUM_CONVERSION = YES;
				CLANG_WARN_INFINITE_RECURSION = YES;
				CLANG_WARN_INT_CONVERSION = YES;
				CLANG_WARN_NON_LITERAL_NULL_CONVERSION = YES;
				CLANG_WARN_OBJC_IMPLICIT_RETAIN_SELF = YES;
				CLANG_WARN_OBJC_LITERAL_CONVERSION = YES;
				CLANG_WARN_OBJC_ROOT_CLASS = YES_ERROR;
				CLANG_WARN_QUOTED_INCLUDE_IN_FRAMEWORK_HEADER = YES;
				CLANG_WARN_RANGE_LOOP_ANALYSIS = YES;
				CLANG_WARN_STRICT_PROTOTYPES = YES;
				CLANG_WARN_SUSPICIOUS_MOVE = YES;
				CLANG_WARN_UNGUARDED_AVAILABILITY = YES_AGGRESSIVE;
				CLANG_WARN_UNREACHABLE_CODE = YES;
				CLANG_WARN__DUPLICATE_METHOD_MATCH = YES;
				COPY_PHASE_STRIP = NO;
				DEBUG_INFORMATION_FORMAT = "dwarf-with-dsym";
				DEVELOPMENT_TEAM = TWLNU7NXWY;
				ENABLE_NS_ASSERTIONS = NO;
				ENABLE_STRICT_OBJC_MSGSEND = YES;
				ENABLE_USER_SCRIPT_SANDBOXING = YES;
				GCC_C_LANGUAGE_STANDARD = gnu17;
				GCC_NO_COMMON_BLOCKS = YES;
				GCC_WARN_64_TO_32_BIT_CONVERSION = YES;
				GCC_WARN_ABOUT_RETURN_TYPE = YES_ERROR;
				GCC_WARN_UNDECLARED_SELECTOR = YES;
				GCC_WARN_UNINITIALIZED_AUTOS = YES_AGGRESSIVE;
				GCC_WARN_UNUSED_FUNCTION = YES;
				GCC_WARN_UNUSED_VARIABLE = YES;
				IPHONEOS_DEPLOYMENT_TARGET = 16.0;
				LOCALIZATION_PREFERS_STRING_CATALOGS = YES;
				MTL_ENABLE_DEBUG_INFO = NO;
				MTL_FAST_MATH = YES;
				SDKROOT = iphoneos;
				STRING_CATALOG_GENERATE_SYMBOLS = YES;
				SWIFT_COMPILATION_MODE = wholemodule;
				VALIDATE_PRODUCT = YES;
			};
			name = Release;
		};
		851FD96B2E578775002136BA /* Debug */ = {
			isa = XCBuildConfiguration;
			buildSettings = {
				ASSETCATALOG_COMPILER_APPICON_NAME = AppIcon;
				ASSETCATALOG_COMPILER_GLOBAL_ACCENT_COLOR_NAME = AccentColor;
				CLANG_ENABLE_MODULES = YES;
				CODE_SIGN_ENTITLEMENTS = APP/Resources/APP.entitlements;
				CODE_SIGN_IDENTITY = "Apple Development";
				CODE_SIGN_STYLE = Automatic;
				CURRENT_PROJECT_VERSION = 1;
				DEVELOPMENT_TEAM = TWLNU7NXWY;
				ENABLE_PREVIEWS = YES;
				EXCLUDED_SOURCE_FILE_NAMES = Info.plist;
				FRAMEWORK_SEARCH_PATHS = "$(inherited)";
				GCC_PREPROCESSOR_DEFINITIONS = (
					"IDEVICE=1",
					"$(inherited)",
				);
				HEADER_SEARCH_PATHS = (
					"$(inherited)",
					"$(PROJECT_DIR)/APP/Supporting",
				);
				INFOPLIST_FILE = APP/Info.plist;
				IPHONEOS_DEPLOYMENT_TARGET = 15.0;
				LD_RUNPATH_SEARCH_PATHS = (
					"$(inherited)",
					"@executable_path/Frameworks",
				);
				LIBRARY_SEARCH_PATHS = (
					"$(inherited)",
					"$(PROJECT_DIR)/APP/Resources",
					"$(PROJECT_DIR)/APP",
					"$(PROJECT_DIR)/APP/ElleKit",
				);
				MARKETING_VERSION = 2.4.6;
				OTHER_LDFLAGS = "";
				PRODUCT_BUNDLE_IDENTIFIER = com.pxx917144686.App2025;
				PRODUCT_NAME = "$(TARGET_NAME)";
				PROVISIONING_PROFILE_SPECIFIER = "";
				STRIP_BITCODE_FROM_COPIED_FILES = NO;
				SUPPORTED_PLATFORMS = "iphoneos iphonesimulator";
				SUPPORTS_MACCATALYST = NO;
				SUPPORTS_MAC_DESIGNED_FOR_IPHONE_IPAD = NO;
				SUPPORTS_XR_DESIGNED_FOR_IPHONE_IPAD = NO;
				SWIFT_ACTIVE_COMPILATION_CONDITIONS = "DEBUG $(inherited)";
				SWIFT_EMIT_LOC_STRINGS = NO;
				SWIFT_OPTIMIZATION_LEVEL = "-Onone";
				SWIFT_VERSION = 5.0;
				TARGETED_DEVICE_FAMILY = "1,2";
			};
			name = Debug;
		};
		851FD96C2E578775002136BA /* Release */ = {
			isa = XCBuildConfiguration;
			buildSettings = {
				ASSETCATALOG_COMPILER_APPICON_NAME = AppIcon;
				ASSETCATALOG_COMPILER_GLOBAL_ACCENT_COLOR_NAME = AccentColor;
				CLANG_ENABLE_MODULES = YES;
				CODE_SIGN_ENTITLEMENTS = APP/Resources/APP.entitlements;
				CODE_SIGN_IDENTITY = "Apple Development";
				CODE_SIGN_STYLE = Automatic;
				CURRENT_PROJECT_VERSION = 1;
				DEVELOPMENT_TEAM = TWLNU7NXWY;
				ENABLE_PREVIEWS = YES;
				EXCLUDED_SOURCE_FILE_NAMES = Info.plist;
				FRAMEWORK_SEARCH_PATHS = "$(inherited)";
				GCC_PREPROCESSOR_DEFINITIONS = (
					"SERVER=1",
					"IDEVICE=1",
					"$(inherited)",
				);
				HEADER_SEARCH_PATHS = (
					"$(inherited)",
					"$(PROJECT_DIR)/APP/Supporting",
				);
				INFOPLIST_FILE = APP/Info.plist;
				IPHONEOS_DEPLOYMENT_TARGET = 15.0;
				LD_RUNPATH_SEARCH_PATHS = (
					"$(inherited)",
					"@executable_path/Frameworks",
				);
				LIBRARY_SEARCH_PATHS = (
					"$(inherited)",
					"$(PROJECT_DIR)/APP/Resources",
					"$(PROJECT_DIR)/APP",
					"$(PROJECT_DIR)/APP/ElleKit",
				);
				MARKETING_VERSION = 2.4.6;
				OTHER_LDFLAGS = "";
				PRODUCT_BUNDLE_IDENTIFIER = com.pxx917144686.App2025;
				PRODUCT_NAME = "$(TARGET_NAME)";
				PROVISIONING_PROFILE_SPECIFIER = "";
				STRIP_BITCODE_FROM_COPIED_FILES = NO;
				SUPPORTED_PLATFORMS = "iphoneos iphonesimulator";
				SUPPORTS_MACCATALYST = NO;
				SUPPORTS_MAC_DESIGNED_FOR_IPHONE_IPAD = NO;
				SUPPORTS_XR_DESIGNED_FOR_IPHONE_IPAD = NO;
				SWIFT_ACTIVE_COMPILATION_CONDITIONS = "SERVER $(inherited)";
				SWIFT_EMIT_LOC_STRINGS = NO;
				SWIFT_VERSION = 5.0;
				TARGETED_DEVICE_FAMILY = "1,2";
			};
			name = Release;
		};
/* End XCBuildConfiguration section */

/* Begin XCConfigurationList section */
		851FD95A2E578774002136BA /* Build configuration list for PBXProject "APP" */ = {
			isa = XCConfigurationList;
			buildConfigurations = (
				851FD9682E578775002136BA /* Debug */,
				851FD9692E578775002136BA /* Release */,
			);
			defaultConfigurationIsVisible = 0;
			defaultConfigurationName = Release;
		};
		851FD96A2E578775002136BA /* Build configuration list for PBXNativeTarget "APP" */ = {
			isa = XCConfigurationList;
			buildConfigurations = (
				851FD96B2E578775002136BA /* Debug */,
				851FD96C2E578775002136BA /* Release */,
			);
			defaultConfigurationIsVisible = 0;
			defaultConfigurationName = Release;
		};
/* End XCConfigurationList section */

/* Begin XCRemoteSwiftPackageReference section */
		8568D3242E769115003A3E08 /* XCRemoteSwiftPackageReference "OpenSSL" */ = {
			isa = XCRemoteSwiftPackageReference;
			repositoryURL = "https://github.com/krzyzanowskim/OpenSSL.git";
			requirement = {
				kind = upToNextMajorVersion;
				minimumVersion = 3.3.3001;
			};
		};
		859304CC2E76A99D00D0052E /* XCRemoteSwiftPackageReference "Zsign" */ = {
			isa = XCRemoteSwiftPackageReference;
			repositoryURL = "https://github.com/pxx917144686/Zsign";
			requirement = {
				branch = main;
				kind = branch;
			};
		};
		85A1B2C32E6F123400D4E5F6 /* XCRemoteSwiftPackageReference "ZipArchive" */ = {
			isa = XCRemoteSwiftPackageReference;
			repositoryURL = "https://github.com/ZipArchive/ZipArchive.git";
			requirement = {
				kind = upToNextMajorVersion;
				minimumVersion = 2.4.3;
			};
		};
		85EC5BF02E768811006D9773 /* XCRemoteSwiftPackageReference "vapor" */ = {
			isa = XCRemoteSwiftPackageReference;
			repositoryURL = "https://github.com/vapor/vapor.git";
			requirement = {
				kind = upToNextMajorVersion;
				minimumVersion = 4.117.0;
			};
		};
		85EC5BF72E76882C006D9773 /* XCRemoteSwiftPackageReference "SWCompression" */ = {
			isa = XCRemoteSwiftPackageReference;
			repositoryURL = "https://github.com/tsolomko/SWCompression.git";
			requirement = {
				kind = upToNextMajorVersion;
				minimumVersion = 4.8.6;
			};
		};
		85EC5D152E7688C1006D9773 /* XCRemoteSwiftPackageReference "Nuke" */ = {
			isa = XCRemoteSwiftPackageReference;
			repositoryURL = "https://github.com/kean/Nuke";
			requirement = {
				kind = upToNextMajorVersion;
				minimumVersion = 12.8.0;
			};
		};
		85EC5D242E76890C006D9773 /* XCRemoteSwiftPackageReference "ArArchiveKit" */ = {
			isa = XCRemoteSwiftPackageReference;
			repositoryURL = "https://github.com/LebJe/ArArchiveKit.git";
			requirement = {
				kind = upToNextMajorVersion;
				minimumVersion = 0.3.0;
			};
		};
		85EC5D272E76891C006D9773 /* XCRemoteSwiftPackageReference "AltSourceKit" */ = {
			isa = XCRemoteSwiftPackageReference;
			repositoryURL = "https://github.com/pxx917144686/AltSourceKit.git";
			requirement = {
				branch = main;
				kind = branch;
			};
		};
		85FCEE902E6B374E0069A30A /* XCRemoteSwiftPackageReference "ZIPFoundation" */ = {
			isa = XCRemoteSwiftPackageReference;
			repositoryURL = "https://github.com/weichsel/ZIPFoundation.git";
			requirement = {
				kind = upToNextMajorVersion;
				minimumVersion = 0.9.19;
			};
		};
/* End XCRemoteSwiftPackageReference section */

/* Begin XCSwiftPackageProductDependency section */
		8568CB162E768AC1003A3E08 /* Nuke */ = {
			isa = XCSwiftPackageProductDependency;
			package = 85EC5D152E7688C1006D9773 /* XCRemoteSwiftPackageReference "Nuke" */;
			productName = Nuke;
		};
		8568CB182E768AC1003A3E08 /* NukeExtensions */ = {
			isa = XCSwiftPackageProductDependency;
			package = 85EC5D152E7688C1006D9773 /* XCRemoteSwiftPackageReference "Nuke" */;
			productName = NukeExtensions;
		};
		8568CB1A2E768AC1003A3E08 /* NukeUI */ = {
			isa = XCSwiftPackageProductDependency;
			package = 85EC5D152E7688C1006D9773 /* XCRemoteSwiftPackageReference "Nuke" */;
			productName = NukeUI;
		};
		8568CB1C2E768AC1003A3E08 /* NukeVideo */ = {
			isa = XCSwiftPackageProductDependency;
			package = 85EC5D152E7688C1006D9773 /* XCRemoteSwiftPackageReference "Nuke" */;
			productName = NukeVideo;
		};
		8568D3252E769115003A3E08 /* OpenSSL */ = {
			isa = XCSwiftPackageProductDependency;
			package = 8568D3242E769115003A3E08 /* XCRemoteSwiftPackageReference "OpenSSL" */;
			productName = OpenSSL;
		};
		859304CD2E76A99D00D0052E /* ZsignSwift */ = {
			isa = XCSwiftPackageProductDependency;
			package = 859304CC2E76A99D00D0052E /* XCRemoteSwiftPackageReference "Zsign" */;
			productName = ZsignSwift;
		};
		859304CF2E76A99D00D0052E /* zsign */ = {
			isa = XCSwiftPackageProductDependency;
			package = 859304CC2E76A99D00D0052E /* XCRemoteSwiftPackageReference "Zsign" */;
			productName = zsign;
		};
		85A1B2C42E6F123400D4E5F6 /* ZipArchive */ = {
			isa = XCSwiftPackageProductDependency;
			package = 85A1B2C32E6F123400D4E5F6 /* XCRemoteSwiftPackageReference "ZipArchive" */;
			productName = ZipArchive;
		};
		85EC5BF12E768811006D9773 /* Vapor */ = {
			isa = XCSwiftPackageProductDependency;
			package = 85EC5BF02E768811006D9773 /* XCRemoteSwiftPackageReference "vapor" */;
			productName = Vapor;
		};
		85EC5BF82E76882C006D9773 /* SWCompression */ = {
			isa = XCSwiftPackageProductDependency;
			package = 85EC5BF72E76882C006D9773 /* XCRemoteSwiftPackageReference "SWCompression" */;
			productName = SWCompression;
		};
		85EC5D252E76890C006D9773 /* ArArchiveKit */ = {
			isa = XCSwiftPackageProductDependency;
			package = 85EC5D242E76890C006D9773 /* XCRemoteSwiftPackageReference "ArArchiveKit" */;
			productName = ArArchiveKit;
		};
		85EC5D282E76891C006D9773 /* AltSourceKit */ = {
			isa = XCSwiftPackageProductDependency;
			package = 85EC5D272E76891C006D9773 /* XCRemoteSwiftPackageReference "AltSourceKit" */;
			productName = AltSourceKit;
		};
		85FCEE912E6B374E0069A30A /* ZIPFoundation */ = {
			isa = XCSwiftPackageProductDependency;
			package = 85FCEE902E6B374E0069A30A /* XCRemoteSwiftPackageReference "ZIPFoundation" */;
			productName = ZIPFoundation;
		};
/* End XCSwiftPackageProductDependency section */
	};
	rootObject = 851FD9572E578774002136BA /* Project object */;
}
